
Microsoft Visual Studio Solution File, Format Version 12.00
# Visual Studio Version 17
VisualStudioVersion = 17.5.002.0
MinimumVisualStudioVersion = 10.0.40219.1
Project("{9A19103F-16F7-4668-BE54-9A1E7A4F7556}") = "banque", "banque.csproj", "{0BCDED68-A921-4ECA-9C03-E569E517356B}"
EndProject
Global
	GlobalSection(SolutionConfigurationPlatforms) = preSolution
		Debug|Any CPU = Debug|Any CPU
		Release|Any CPU = Release|Any CPU
	EndGlobalSection
	GlobalSection(ProjectConfigurationPlatforms) = postSolution
		{0BCDED68-A921-4ECA-9C03-E569E517356B}.Debug|Any CPU.ActiveCfg = Debug|Any CPU
		{0BCDED68-A921-4ECA-9C03-E569E517356B}.Debug|Any CPU.Build.0 = Debug|Any CPU
		{0BCDED68-A921-4ECA-9C03-E569E517356B}.Release|Any CPU.ActiveCfg = Release|Any CPU
		{0BCDED68-A921-4ECA-9C03-E569E517356B}.Release|Any CPU.Build.0 = Release|Any CPU
	EndGlobalSection
	GlobalSection(SolutionProperties) = preSolution
		HideSolutionNode = FALSE
	EndGlobalSection
	GlobalSection(ExtensibilityGlobals) = postSolution
		SolutionGuid = {F0320138-3EA6-40BE-BEBC-E58D44389273}
	EndGlobalSection
EndGlobal
